
Microsoft Visual Studio Solution File, Format Version 12.00
# Visual Studio Version 16
VisualStudioVersion = 16.0.32126.315
MinimumVisualStudioVersion = 10.0.40219.1
Project("{FAE04EC0-301F-11D3-BF4B-00C04F79EFBC}") = "WebApi_CRUD", "WebApi_CRUD\WebApi_CRUD.csproj", "{8CE727CF-D79D-4DB4-AA90-83EC991262D7}"
EndProject
Project("{FAE04EC0-301F-11D3-BF4B-00C04F79EFBC}") = "WebApi_Client", "WebApi_Client\WebApi_Client.csproj", "{45E364D7-C487-4C8B-A336-E6656E8F0201}"
EndProject
Global
	GlobalSection(SolutionConfigurationPlatforms) = preSolution
		Debug|Any CPU = Debug|Any CPU
		Release|Any CPU = Release|Any CPU
	EndGlobalSection
	GlobalSection(ProjectConfigurationPlatforms) = postSolution
		{8CE727CF-D79D-4DB4-AA90-83EC991262D7}.Debug|Any CPU.ActiveCfg = Debug|Any CPU
		{8CE727CF-D79D-4DB4-AA90-83EC991262D7}.Debug|Any CPU.Build.0 = Debug|Any CPU
		{8CE727CF-D79D-4DB4-AA90-83EC991262D7}.Release|Any CPU.ActiveCfg = Release|Any CPU
		{8CE727CF-D79D-4DB4-AA90-83EC991262D7}.Release|Any CPU.Build.0 = Release|Any CPU
		{45E364D7-C487-4C8B-A336-E6656E8F0201}.Debug|Any CPU.ActiveCfg = Debug|Any CPU
		{45E364D7-C487-4C8B-A336-E6656E8F0201}.Debug|Any CPU.Build.0 = Debug|Any CPU
		{45E364D7-C487-4C8B-A336-E6656E8F0201}.Release|Any CPU.ActiveCfg = Release|Any CPU
		{45E364D7-C487-4C8B-A336-E6656E8F0201}.Release|Any CPU.Build.0 = Release|Any CPU
	EndGlobalSection
	GlobalSection(SolutionProperties) = preSolution
		HideSolutionNode = FALSE
	EndGlobalSection
	GlobalSection(ExtensibilityGlobals) = postSolution
		SolutionGuid = {A17F8159-EE45-4982-9947-E695CD7F879C}
	EndGlobalSection
EndGlobal
